// !$*UTF8*$!
{
	archiveVersion = 1;
	classes = {
	};
	objectVersion = 46;
	objects = {

/* Begin PBXBuildFile section */
		AA0880561F2CD8F7004AB71A /* ViewControllerPresentable.swift in Sources */ = {isa = PBXBuildFile; fileRef = AA0880551F2CD8F7004AB71A /* ViewControllerPresentable.swift */; };
		AA08805B1F2CD9B2004AB71A /* WindowPresenterTests.swift in Sources */ = {isa = PBXBuildFile; fileRef = AA08805A1F2CD9B2004AB71A /* WindowPresenterTests.swift */; };
		AA08805D1F2CDB18004AB71A /* WindowPresenter.swift in Sources */ = {isa = PBXBuildFile; fileRef = AA08805C1F2CDB18004AB71A /* WindowPresenter.swift */; };
		AA08805F1F2CDC23004AB71A /* NavigationPresenter.swift in Sources */ = {isa = PBXBuildFile; fileRef = AA08805E1F2CDC23004AB71A /* NavigationPresenter.swift */; };
		AA0880611F2CDD4B004AB71A /* NavigationPresenterTests.swift in Sources */ = {isa = PBXBuildFile; fileRef = AA0880601F2CDD4B004AB71A /* NavigationPresenterTests.swift */; };
		AA0880681F2CE25A004AB71A /* ViewControllerPresenter.swift in Sources */ = {isa = PBXBuildFile; fileRef = AA0880671F2CE25A004AB71A /* ViewControllerPresenter.swift */; };
		AA08806A1F2CE446004AB71A /* ViewControllerPresenterTests.swift in Sources */ = {isa = PBXBuildFile; fileRef = AA0880691F2CE446004AB71A /* ViewControllerPresenterTests.swift */; };
		AA0880871F2CF27E004AB71A /* NavigationPresenterFactory.swift in Sources */ = {isa = PBXBuildFile; fileRef = AA0880861F2CF27E004AB71A /* NavigationPresenterFactory.swift */; };
		AA0880891F2CF2A7004AB71A /* NavigationPresenterFactoryTests.swift in Sources */ = {isa = PBXBuildFile; fileRef = AA0880881F2CF2A7004AB71A /* NavigationPresenterFactoryTests.swift */; };
		AA0880931F2CF5AE004AB71A /* LocationType.swift in Sources */ = {isa = PBXBuildFile; fileRef = AA08808D1F2CF4EE004AB71A /* LocationType.swift */; };
		AA0880941F2CF5B2004AB71A /* Location.swift in Sources */ = {isa = PBXBuildFile; fileRef = AA08808F1F2CF4FB004AB71A /* Location.swift */; };
		AA0880951F2CF5B7004AB71A /* Routable.swift in Sources */ = {isa = PBXBuildFile; fileRef = AA0880911F2CF556004AB71A /* Routable.swift */; };
		AA0880981F2CF613004AB71A /* ErrorRoutable.swift in Sources */ = {isa = PBXBuildFile; fileRef = AA0880961F2CF60F004AB71A /* ErrorRoutable.swift */; };
		AA08809A1F2CF636004AB71A /* RouteError.swift in Sources */ = {isa = PBXBuildFile; fileRef = AA0880991F2CF636004AB71A /* RouteError.swift */; };
		AA08809C1F2CF663004AB71A /* Router.swift in Sources */ = {isa = PBXBuildFile; fileRef = AA08809B1F2CF663004AB71A /* Router.swift */; };
		AA0880A11F2CF6E5004AB71A /* LocationTests.swift in Sources */ = {isa = PBXBuildFile; fileRef = AA0880A01F2CF6E5004AB71A /* LocationTests.swift */; };
		AA0880A31F2CF821004AB71A /* RouterTests.swift in Sources */ = {isa = PBXBuildFile; fileRef = AA0880A21F2CF821004AB71A /* RouterTests.swift */; };
		AA0880AC1F2CFB16004AB71A /* NavigationPresenterFactoryType.swift in Sources */ = {isa = PBXBuildFile; fileRef = AA0880AB1F2CFB16004AB71A /* NavigationPresenterFactoryType.swift */; };
		AA0880AE1F2CFBB8004AB71A /* NavigationServiceType.swift in Sources */ = {isa = PBXBuildFile; fileRef = AA0880AD1F2CFBB8004AB71A /* NavigationServiceType.swift */; };
		AA0880B01F2CFBC3004AB71A /* NavigationService.swift in Sources */ = {isa = PBXBuildFile; fileRef = AA0880AF1F2CFBC3004AB71A /* NavigationService.swift */; };
		AA0880B41F2CFD66004AB71A /* NavigationServiceFactoryType.swift in Sources */ = {isa = PBXBuildFile; fileRef = AA0880B31F2CFD66004AB71A /* NavigationServiceFactoryType.swift */; };
		AA0880B61F2CFE0C004AB71A /* Navigation.swift in Sources */ = {isa = PBXBuildFile; fileRef = AA0880B51F2CFE0C004AB71A /* Navigation.swift */; };
		AA0880B81F2D0024004AB71A /* CarsListRoute.swift in Sources */ = {isa = PBXBuildFile; fileRef = AA0880B71F2D0024004AB71A /* CarsListRoute.swift */; };
		AA0880BA1F2D002D004AB71A /* CarAddRoute.swift in Sources */ = {isa = PBXBuildFile; fileRef = AA0880B91F2D002D004AB71A /* CarAddRoute.swift */; };
		AA0880BC1F2D0039004AB71A /* CarDetailsRoute.swift in Sources */ = {isa = PBXBuildFile; fileRef = AA0880BB1F2D0039004AB71A /* CarDetailsRoute.swift */; };
		AA0880BE1F2D0227004AB71A /* NavigationServiceTests.swift in Sources */ = {isa = PBXBuildFile; fileRef = AA0880BD1F2D0227004AB71A /* NavigationServiceTests.swift */; };
		AA0880C71F2D07D2004AB71A /* CarType.swift in Sources */ = {isa = PBXBuildFile; fileRef = AA0880C21F2D0691004AB71A /* CarType.swift */; };
		AA0880C81F2D07D6004AB71A /* Car.swift in Sources */ = {isa = PBXBuildFile; fileRef = AA0880C41F2D072C004AB71A /* Car.swift */; };
		AA0880CB1F2D0810004AB71A /* CarEntityTests.swift in Sources */ = {isa = PBXBuildFile; fileRef = AA0880CA1F2D0810004AB71A /* CarEntityTests.swift */; };
		AA0880D31F2D0AC0004AB71A /* FlowPresentable.swift in Sources */ = {isa = PBXBuildFile; fileRef = AA0880D11F2D0AB7004AB71A /* FlowPresentable.swift */; };
		AA0880D81F2D0BC7004AB71A /* CarAddFlow.swift in Sources */ = {isa = PBXBuildFile; fileRef = AA0880D61F2D0B16004AB71A /* CarAddFlow.swift */; };
		AA0880DB1F2D0BF4004AB71A /* CarsListFlow.swift in Sources */ = {isa = PBXBuildFile; fileRef = AA0880D91F2D0BE9004AB71A /* CarsListFlow.swift */; };
		AA0880DD1F2D0C09004AB71A /* CarDetailsFlow.swift in Sources */ = {isa = PBXBuildFile; fileRef = AA0880DC1F2D0C09004AB71A /* CarDetailsFlow.swift */; };
		AA0880DF1F2D0F1B004AB71A /* CarsListViewController.swift in Sources */ = {isa = PBXBuildFile; fileRef = AA0880DE1F2D0F1B004AB71A /* CarsListViewController.swift */; };
		AA0880E11F2D0F30004AB71A /* CarsListViewModel.swift in Sources */ = {isa = PBXBuildFile; fileRef = AA0880E01F2D0F30004AB71A /* CarsListViewModel.swift */; };
		AA0880E31F2D0F3F004AB71A /* CarsListTableViewCell.swift in Sources */ = {isa = PBXBuildFile; fileRef = AA0880E21F2D0F3F004AB71A /* CarsListTableViewCell.swift */; };
		AA0880E51F2D0F75004AB71A /* CarsListPresentationItem.swift in Sources */ = {isa = PBXBuildFile; fileRef = AA0880E41F2D0F75004AB71A /* CarsListPresentationItem.swift */; };
		AA0880E81F2D1669004AB71A /* CarsServiceType.swift in Sources */ = {isa = PBXBuildFile; fileRef = AA0880E71F2D1669004AB71A /* CarsServiceType.swift */; };
		AA0880EA1F2D17E0004AB71A /* CarsService.swift in Sources */ = {isa = PBXBuildFile; fileRef = AA0880E91F2D17E0004AB71A /* CarsService.swift */; };
		AA0880F11F2D1DD4004AB71A /* CarModel.swift in Sources */ = {isa = PBXBuildFile; fileRef = AA0880F01F2D1DD4004AB71A /* CarModel.swift */; };
		AA0880F51F2D1EF0004AB71A /* CarModelTests.swift in Sources */ = {isa = PBXBuildFile; fileRef = AA0880F41F2D1EF0004AB71A /* CarModelTests.swift */; };
		AA0880FB1F2D2108004AB71A /* InMemoryCarsServiceAdapter.swift in Sources */ = {isa = PBXBuildFile; fileRef = AA0880F91F2D20EE004AB71A /* InMemoryCarsServiceAdapter.swift */; };
		AA0880FC1F2D210D004AB71A /* InMemoryCarsService.swift in Sources */ = {isa = PBXBuildFile; fileRef = AA0880F71F2D20AE004AB71A /* InMemoryCarsService.swift */; };
		AA0881001F2D2256004AB71A /* CarsModelEntityMapper.swift in Sources */ = {isa = PBXBuildFile; fileRef = AA0880FE1F2D21DF004AB71A /* CarsModelEntityMapper.swift */; };
		AA0881021F2D25F0004AB71A /* CarsModelEntityMapperTests.swift in Sources */ = {isa = PBXBuildFile; fileRef = AA0881011F2D25F0004AB71A /* CarsModelEntityMapperTests.swift */; };
		AA0881291F2D329B004AB71A /* CarsServiceError.swift in Sources */ = {isa = PBXBuildFile; fileRef = AA0881271F2D30F2004AB71A /* CarsServiceError.swift */; };
		AA08812E1F2D347F004AB71A /* CarCreateModelTests.swift in Sources */ = {isa = PBXBuildFile; fileRef = AA08812D1F2D347F004AB71A /* CarCreateModelTests.swift */; };
		AA08812F1F2D3485004AB71A /* CarCreateModel.swift in Sources */ = {isa = PBXBuildFile; fileRef = AA08812B1F2D3408004AB71A /* CarCreateModel.swift */; };
		AA0881331F2D3840004AB71A /* CarManufactureFormatter.swift in Sources */ = {isa = PBXBuildFile; fileRef = AA0881311F2D37BE004AB71A /* CarManufactureFormatter.swift */; };
		AA0881361F2D387B004AB71A /* InMemoryCarsServiceAdapterTests.swift in Sources */ = {isa = PBXBuildFile; fileRef = AA0881351F2D387B004AB71A /* InMemoryCarsServiceAdapterTests.swift */; };
		AA0881391F2D3F5E004AB71A /* CarIdentityModel.swift in Sources */ = {isa = PBXBuildFile; fileRef = AA0881371F2D3F17004AB71A /* CarIdentityModel.swift */; };
		AA08813B1F2D3F69004AB71A /* CarIdentityModelTests.swift in Sources */ = {isa = PBXBuildFile; fileRef = AA08813A1F2D3F69004AB71A /* CarIdentityModelTests.swift */; };
		AA1048EB1F2CC56900C36F7A /* AppDelegate.swift in Sources */ = {isa = PBXBuildFile; fileRef = AA1048EA1F2CC56900C36F7A /* AppDelegate.swift */; };
		AA1048F21F2CC56900C36F7A /* Assets.xcassets in Resources */ = {isa = PBXBuildFile; fileRef = AA1048F11F2CC56900C36F7A /* Assets.xcassets */; };
		AA1048F51F2CC56900C36F7A /* LaunchScreen.storyboard in Resources */ = {isa = PBXBuildFile; fileRef = AA1048F31F2CC56900C36F7A /* LaunchScreen.storyboard */; };
/* End PBXBuildFile section */

/* Begin PBXContainerItemProxy section */
		AA1048FC1F2CC56900C36F7A /* PBXContainerItemProxy */ = {
			isa = PBXContainerItemProxy;
			containerPortal = AA1048DF1F2CC56900C36F7A /* Project object */;
			proxyType = 1;
			remoteGlobalIDString = AA1048E61F2CC56900C36F7A;
			remoteInfo = CarsApp;
		};
/* End PBXContainerItemProxy section */

/* Begin PBXFileReference section */
		AA0880551F2CD8F7004AB71A /* ViewControllerPresentable.swift */ = {isa = PBXFileReference; fileEncoding = 4; lastKnownFileType = sourcecode.swift; path = ViewControllerPresentable.swift; sourceTree = "<group>"; };
		AA08805A1F2CD9B2004AB71A /* WindowPresenterTests.swift */ = {isa = PBXFileReference; fileEncoding = 4; lastKnownFileType = sourcecode.swift; path = WindowPresenterTests.swift; sourceTree = "<group>"; };
		AA08805C1F2CDB18004AB71A /* WindowPresenter.swift */ = {isa = PBXFileReference; fileEncoding = 4; lastKnownFileType = sourcecode.swift; path = WindowPresenter.swift; sourceTree = "<group>"; };
		AA08805E1F2CDC23004AB71A /* NavigationPresenter.swift */ = {isa = PBXFileReference; fileEncoding = 4; lastKnownFileType = sourcecode.swift; path = NavigationPresenter.swift; sourceTree = "<group>"; };
		AA0880601F2CDD4B004AB71A /* NavigationPresenterTests.swift */ = {isa = PBXFileReference; fileEncoding = 4; lastKnownFileType = sourcecode.swift; path = NavigationPresenterTests.swift; sourceTree = "<group>"; };
		AA0880671F2CE25A004AB71A /* ViewControllerPresenter.swift */ = {isa = PBXFileReference; fileEncoding = 4; lastKnownFileType = sourcecode.swift; path = ViewControllerPresenter.swift; sourceTree = "<group>"; };
		AA0880691F2CE446004AB71A /* ViewControllerPresenterTests.swift */ = {isa = PBXFileReference; fileEncoding = 4; lastKnownFileType = sourcecode.swift; path = ViewControllerPresenterTests.swift; sourceTree = "<group>"; };
		AA0880861F2CF27E004AB71A /* NavigationPresenterFactory.swift */ = {isa = PBXFileReference; fileEncoding = 4; lastKnownFileType = sourcecode.swift; path = NavigationPresenterFactory.swift; sourceTree = "<group>"; };
		AA0880881F2CF2A7004AB71A /* NavigationPresenterFactoryTests.swift */ = {isa = PBXFileReference; fileEncoding = 4; lastKnownFileType = sourcecode.swift; path = NavigationPresenterFactoryTests.swift; sourceTree = "<group>"; };
		AA08808D1F2CF4EE004AB71A /* LocationType.swift */ = {isa = PBXFileReference; fileEncoding = 4; lastKnownFileType = sourcecode.swift; path = LocationType.swift; sourceTree = "<group>"; };
		AA08808F1F2CF4FB004AB71A /* Location.swift */ = {isa = PBXFileReference; fileEncoding = 4; lastKnownFileType = sourcecode.swift; path = Location.swift; sourceTree = "<group>"; };
		AA0880911F2CF556004AB71A /* Routable.swift */ = {isa = PBXFileReference; fileEncoding = 4; lastKnownFileType = sourcecode.swift; path = Routable.swift; sourceTree = "<group>"; };
		AA0880961F2CF60F004AB71A /* ErrorRoutable.swift */ = {isa = PBXFileReference; fileEncoding = 4; lastKnownFileType = sourcecode.swift; path = ErrorRoutable.swift; sourceTree = "<group>"; };
		AA0880991F2CF636004AB71A /* RouteError.swift */ = {isa = PBXFileReference; fileEncoding = 4; lastKnownFileType = sourcecode.swift; path = RouteError.swift; sourceTree = "<group>"; };
		AA08809B1F2CF663004AB71A /* Router.swift */ = {isa = PBXFileReference; fileEncoding = 4; lastKnownFileType = sourcecode.swift; path = Router.swift; sourceTree = "<group>"; };
		AA0880A01F2CF6E5004AB71A /* LocationTests.swift */ = {isa = PBXFileReference; fileEncoding = 4; lastKnownFileType = sourcecode.swift; path = LocationTests.swift; sourceTree = "<group>"; };
		AA0880A21F2CF821004AB71A /* RouterTests.swift */ = {isa = PBXFileReference; fileEncoding = 4; lastKnownFileType = sourcecode.swift; path = RouterTests.swift; sourceTree = "<group>"; };
		AA0880AB1F2CFB16004AB71A /* NavigationPresenterFactoryType.swift */ = {isa = PBXFileReference; fileEncoding = 4; lastKnownFileType = sourcecode.swift; path = NavigationPresenterFactoryType.swift; sourceTree = "<group>"; };
		AA0880AD1F2CFBB8004AB71A /* NavigationServiceType.swift */ = {isa = PBXFileReference; fileEncoding = 4; lastKnownFileType = sourcecode.swift; path = NavigationServiceType.swift; sourceTree = "<group>"; };
		AA0880AF1F2CFBC3004AB71A /* NavigationService.swift */ = {isa = PBXFileReference; fileEncoding = 4; lastKnownFileType = sourcecode.swift; path = NavigationService.swift; sourceTree = "<group>"; };
		AA0880B31F2CFD66004AB71A /* NavigationServiceFactoryType.swift */ = {isa = PBXFileReference; fileEncoding = 4; lastKnownFileType = sourcecode.swift; path = NavigationServiceFactoryType.swift; sourceTree = "<group>"; };
		AA0880B51F2CFE0C004AB71A /* Navigation.swift */ = {isa = PBXFileReference; fileEncoding = 4; lastKnownFileType = sourcecode.swift; path = Navigation.swift; sourceTree = "<group>"; };
		AA0880B71F2D0024004AB71A /* CarsListRoute.swift */ = {isa = PBXFileReference; fileEncoding = 4; lastKnownFileType = sourcecode.swift; path = CarsListRoute.swift; sourceTree = "<group>"; };
		AA0880B91F2D002D004AB71A /* CarAddRoute.swift */ = {isa = PBXFileReference; fileEncoding = 4; lastKnownFileType = sourcecode.swift; path = CarAddRoute.swift; sourceTree = "<group>"; };
		AA0880BB1F2D0039004AB71A /* CarDetailsRoute.swift */ = {isa = PBXFileReference; fileEncoding = 4; lastKnownFileType = sourcecode.swift; path = CarDetailsRoute.swift; sourceTree = "<group>"; };
		AA0880BD1F2D0227004AB71A /* NavigationServiceTests.swift */ = {isa = PBXFileReference; fileEncoding = 4; lastKnownFileType = sourcecode.swift; path = NavigationServiceTests.swift; sourceTree = "<group>"; };
		AA0880C21F2D0691004AB71A /* CarType.swift */ = {isa = PBXFileReference; fileEncoding = 4; lastKnownFileType = sourcecode.swift; path = CarType.swift; sourceTree = "<group>"; };
		AA0880C41F2D072C004AB71A /* Car.swift */ = {isa = PBXFileReference; fileEncoding = 4; lastKnownFileType = sourcecode.swift; path = Car.swift; sourceTree = "<group>"; };
		AA0880CA1F2D0810004AB71A /* CarEntityTests.swift */ = {isa = PBXFileReference; fileEncoding = 4; lastKnownFileType = sourcecode.swift; path = CarEntityTests.swift; sourceTree = "<group>"; };
		AA0880D11F2D0AB7004AB71A /* FlowPresentable.swift */ = {isa = PBXFileReference; fileEncoding = 4; lastKnownFileType = sourcecode.swift; path = FlowPresentable.swift; sourceTree = "<group>"; };
		AA0880D61F2D0B16004AB71A /* CarAddFlow.swift */ = {isa = PBXFileReference; fileEncoding = 4; lastKnownFileType = sourcecode.swift; path = CarAddFlow.swift; sourceTree = "<group>"; };
		AA0880D91F2D0BE9004AB71A /* CarsListFlow.swift */ = {isa = PBXFileReference; fileEncoding = 4; lastKnownFileType = sourcecode.swift; path = CarsListFlow.swift; sourceTree = "<group>"; };
		AA0880DC1F2D0C09004AB71A /* CarDetailsFlow.swift */ = {isa = PBXFileReference; fileEncoding = 4; lastKnownFileType = sourcecode.swift; path = CarDetailsFlow.swift; sourceTree = "<group>"; };
		AA0880DE1F2D0F1B004AB71A /* CarsListViewController.swift */ = {isa = PBXFileReference; fileEncoding = 4; lastKnownFileType = sourcecode.swift; path = CarsListViewController.swift; sourceTree = "<group>"; };
		AA0880E01F2D0F30004AB71A /* CarsListViewModel.swift */ = {isa = PBXFileReference; fileEncoding = 4; lastKnownFileType = sourcecode.swift; path = CarsListViewModel.swift; sourceTree = "<group>"; };
		AA0880E21F2D0F3F004AB71A /* CarsListTableViewCell.swift */ = {isa = PBXFileReference; fileEncoding = 4; lastKnownFileType = sourcecode.swift; path = CarsListTableViewCell.swift; sourceTree = "<group>"; };
		AA0880E41F2D0F75004AB71A /* CarsListPresentationItem.swift */ = {isa = PBXFileReference; fileEncoding = 4; lastKnownFileType = sourcecode.swift; path = CarsListPresentationItem.swift; sourceTree = "<group>"; };
		AA0880E71F2D1669004AB71A /* CarsServiceType.swift */ = {isa = PBXFileReference; fileEncoding = 4; lastKnownFileType = sourcecode.swift; path = CarsServiceType.swift; sourceTree = "<group>"; };
		AA0880E91F2D17E0004AB71A /* CarsService.swift */ = {isa = PBXFileReference; fileEncoding = 4; lastKnownFileType = sourcecode.swift; path = CarsService.swift; sourceTree = "<group>"; };
		AA0880F01F2D1DD4004AB71A /* CarModel.swift */ = {isa = PBXFileReference; fileEncoding = 4; lastKnownFileType = sourcecode.swift; path = CarModel.swift; sourceTree = "<group>"; };
		AA0880F41F2D1EF0004AB71A /* CarModelTests.swift */ = {isa = PBXFileReference; fileEncoding = 4; lastKnownFileType = sourcecode.swift; path = CarModelTests.swift; sourceTree = "<group>"; };
		AA0880F71F2D20AE004AB71A /* InMemoryCarsService.swift */ = {isa = PBXFileReference; fileEncoding = 4; lastKnownFileType = sourcecode.swift; path = InMemoryCarsService.swift; sourceTree = "<group>"; };
		AA0880F91F2D20EE004AB71A /* InMemoryCarsServiceAdapter.swift */ = {isa = PBXFileReference; fileEncoding = 4; lastKnownFileType = sourcecode.swift; path = InMemoryCarsServiceAdapter.swift; sourceTree = "<group>"; };
		AA0880FE1F2D21DF004AB71A /* CarsModelEntityMapper.swift */ = {isa = PBXFileReference; fileEncoding = 4; lastKnownFileType = sourcecode.swift; path = CarsModelEntityMapper.swift; sourceTree = "<group>"; };
		AA0881011F2D25F0004AB71A /* CarsModelEntityMapperTests.swift */ = {isa = PBXFileReference; fileEncoding = 4; lastKnownFileType = sourcecode.swift; path = CarsModelEntityMapperTests.swift; sourceTree = "<group>"; };
		AA0881271F2D30F2004AB71A /* CarsServiceError.swift */ = {isa = PBXFileReference; fileEncoding = 4; lastKnownFileType = sourcecode.swift; path = CarsServiceError.swift; sourceTree = "<group>"; };
		AA08812B1F2D3408004AB71A /* CarCreateModel.swift */ = {isa = PBXFileReference; fileEncoding = 4; lastKnownFileType = sourcecode.swift; path = CarCreateModel.swift; sourceTree = "<group>"; };
		AA08812D1F2D347F004AB71A /* CarCreateModelTests.swift */ = {isa = PBXFileReference; fileEncoding = 4; lastKnownFileType = sourcecode.swift; path = CarCreateModelTests.swift; sourceTree = "<group>"; };
		AA0881311F2D37BE004AB71A /* CarManufactureFormatter.swift */ = {isa = PBXFileReference; fileEncoding = 4; lastKnownFileType = sourcecode.swift; path = CarManufactureFormatter.swift; sourceTree = "<group>"; };
		AA0881351F2D387B004AB71A /* InMemoryCarsServiceAdapterTests.swift */ = {isa = PBXFileReference; fileEncoding = 4; lastKnownFileType = sourcecode.swift; path = InMemoryCarsServiceAdapterTests.swift; sourceTree = "<group>"; };
		AA0881371F2D3F17004AB71A /* CarIdentityModel.swift */ = {isa = PBXFileReference; fileEncoding = 4; lastKnownFileType = sourcecode.swift; path = CarIdentityModel.swift; sourceTree = "<group>"; };
		AA08813A1F2D3F69004AB71A /* CarIdentityModelTests.swift */ = {isa = PBXFileReference; fileEncoding = 4; lastKnownFileType = sourcecode.swift; path = CarIdentityModelTests.swift; sourceTree = "<group>"; };
		AA1048E71F2CC56900C36F7A /* CarsApp.app */ = {isa = PBXFileReference; explicitFileType = wrapper.application; includeInIndex = 0; path = CarsApp.app; sourceTree = BUILT_PRODUCTS_DIR; };
		AA1048EA1F2CC56900C36F7A /* AppDelegate.swift */ = {isa = PBXFileReference; lastKnownFileType = sourcecode.swift; path = AppDelegate.swift; sourceTree = "<group>"; };
		AA1048F11F2CC56900C36F7A /* Assets.xcassets */ = {isa = PBXFileReference; lastKnownFileType = folder.assetcatalog; path = Assets.xcassets; sourceTree = "<group>"; };
		AA1048F41F2CC56900C36F7A /* Base */ = {isa = PBXFileReference; lastKnownFileType = file.storyboard; name = Base; path = Base.lproj/LaunchScreen.storyboard; sourceTree = "<group>"; };
		AA1048F61F2CC56900C36F7A /* Info.plist */ = {isa = PBXFileReference; lastKnownFileType = text.plist.xml; path = Info.plist; sourceTree = "<group>"; };
		AA1048FB1F2CC56900C36F7A /* CarsAppTests.xctest */ = {isa = PBXFileReference; explicitFileType = wrapper.cfbundle; includeInIndex = 0; path = CarsAppTests.xctest; sourceTree = BUILT_PRODUCTS_DIR; };
		AA1049011F2CC56900C36F7A /* Info.plist */ = {isa = PBXFileReference; lastKnownFileType = text.plist.xml; path = Info.plist; sourceTree = "<group>"; };
/* End PBXFileReference section */

/* Begin PBXFrameworksBuildPhase section */
		AA1048E41F2CC56900C36F7A /* Frameworks */ = {
			isa = PBXFrameworksBuildPhase;
			buildActionMask = 2147483647;
			files = (
			);
			runOnlyForDeploymentPostprocessing = 0;
		};
		AA1048F81F2CC56900C36F7A /* Frameworks */ = {
			isa = PBXFrameworksBuildPhase;
			buildActionMask = 2147483647;
			files = (
			);
			runOnlyForDeploymentPostprocessing = 0;
		};
/* End PBXFrameworksBuildPhase section */

/* Begin PBXGroup section */
		AA08804C1F2CD1C3004AB71A /* Features */ = {
			isa = PBXGroup;
			children = (
				AA0880BF1F2D0574004AB71A /* Cars */,
			);
			path = Features;
			sourceTree = "<group>";
		};
		AA08804D1F2CD1D3004AB71A /* Tools */ = {
			isa = PBXGroup;
			children = (
			);
			path = Tools;
			sourceTree = "<group>";
		};
		AA08804E1F2CD1D9004AB71A /* Repositories */ = {
			isa = PBXGroup;
			children = (
				AA0880C01F2D0666004AB71A /* Cars */,
			);
			path = Repositories;
			sourceTree = "<group>";
		};
		AA08804F1F2CD1E0004AB71A /* Services */ = {
			isa = PBXGroup;
			children = (
				AA0880EB1F2D1AF8004AB71A /* Cars */,
			);
			path = Services;
			sourceTree = "<group>";
		};
		AA0880511F2CD725004AB71A /* Components */ = {
			isa = PBXGroup;
			children = (
				AA08808A1F2CF3C5004AB71A /* Navigation */,
				AA0880521F2CD798004AB71A /* Presenters */,
			);
			path = Components;
			sourceTree = "<group>";
		};
		AA0880521F2CD798004AB71A /* Presenters */ = {
			isa = PBXGroup;
			children = (
				AA0880D01F2D0A97004AB71A /* Flow */,
				AA0880541F2CD8D2004AB71A /* ViewControllers */,
			);
			path = Presenters;
			sourceTree = "<group>";
		};
		AA0880541F2CD8D2004AB71A /* ViewControllers */ = {
			isa = PBXGroup;
			children = (
				AA0880551F2CD8F7004AB71A /* ViewControllerPresentable.swift */,
				AA08805C1F2CDB18004AB71A /* WindowPresenter.swift */,
				AA08805E1F2CDC23004AB71A /* NavigationPresenter.swift */,
				AA0880671F2CE25A004AB71A /* ViewControllerPresenter.swift */,
			);
			path = ViewControllers;
			sourceTree = "<group>";
		};
		AA0880571F2CD94F004AB71A /* Components */ = {
			isa = PBXGroup;
			children = (
				AA08809D1F2CF69A004AB71A /* Navigation */,
				AA0880581F2CD96C004AB71A /* Presenters */,
			);
			path = Components;
			sourceTree = "<group>";
		};
		AA0880581F2CD96C004AB71A /* Presenters */ = {
			isa = PBXGroup;
			children = (
				AA0880591F2CD97E004AB71A /* ViewControllers */,
			);
			path = Presenters;
			sourceTree = "<group>";
		};
		AA0880591F2CD97E004AB71A /* ViewControllers */ = {
			isa = PBXGroup;
			children = (
				AA08805A1F2CD9B2004AB71A /* WindowPresenterTests.swift */,
				AA0880601F2CDD4B004AB71A /* NavigationPresenterTests.swift */,
				AA0880691F2CE446004AB71A /* ViewControllerPresenterTests.swift */,
			);
			path = ViewControllers;
			sourceTree = "<group>";
		};
		AA0880811F2CF13D004AB71A /* Navigation */ = {
			isa = PBXGroup;
			children = (
				AA0880AA1F2CFAC7004AB71A /* Presenters */,
				AA0880A91F2CFA68004AB71A /* Routes */,
				AA0880B31F2CFD66004AB71A /* NavigationServiceFactoryType.swift */,
				AA0880AD1F2CFBB8004AB71A /* NavigationServiceType.swift */,
				AA0880AF1F2CFBC3004AB71A /* NavigationService.swift */,
				AA0880B51F2CFE0C004AB71A /* Navigation.swift */,
			);
			path = Navigation;
			sourceTree = "<group>";
		};
		AA0880841F2CF23C004AB71A /* Integrations */ = {
			isa = PBXGroup;
			children = (
				AA0880851F2CF255004AB71A /* Navigation */,
			);
			path = Integrations;
			sourceTree = "<group>";
		};
		AA0880851F2CF255004AB71A /* Navigation */ = {
			isa = PBXGroup;
			children = (
				AA0880881F2CF2A7004AB71A /* NavigationPresenterFactoryTests.swift */,
				AA0880BD1F2D0227004AB71A /* NavigationServiceTests.swift */,
			);
			path = Navigation;
			sourceTree = "<group>";
		};
		AA08808A1F2CF3C5004AB71A /* Navigation */ = {
			isa = PBXGroup;
			children = (
				AA08808C1F2CF445004AB71A /* Location */,
				AA08808B1F2CF43A004AB71A /* Router */,
			);
			path = Navigation;
			sourceTree = "<group>";
		};
		AA08808B1F2CF43A004AB71A /* Router */ = {
			isa = PBXGroup;
			children = (
				AA0880911F2CF556004AB71A /* Routable.swift */,
				AA0880991F2CF636004AB71A /* RouteError.swift */,
				AA0880961F2CF60F004AB71A /* ErrorRoutable.swift */,
				AA08809B1F2CF663004AB71A /* Router.swift */,
			);
			path = Router;
			sourceTree = "<group>";
		};
		AA08808C1F2CF445004AB71A /* Location */ = {
			isa = PBXGroup;
			children = (
				AA08808D1F2CF4EE004AB71A /* LocationType.swift */,
				AA08808F1F2CF4FB004AB71A /* Location.swift */,
			);
			path = Location;
			sourceTree = "<group>";
		};
		AA08809D1F2CF69A004AB71A /* Navigation */ = {
			isa = PBXGroup;
			children = (
				AA08809E1F2CF6B0004AB71A /* Location */,
				AA08809F1F2CF6BE004AB71A /* Router */,
			);
			path = Navigation;
			sourceTree = "<group>";
		};
		AA08809E1F2CF6B0004AB71A /* Location */ = {
			isa = PBXGroup;
			children = (
				AA0880A01F2CF6E5004AB71A /* LocationTests.swift */,
			);
			path = Location;
			sourceTree = "<group>";
		};
		AA08809F1F2CF6BE004AB71A /* Router */ = {
			isa = PBXGroup;
			children = (
				AA0880A21F2CF821004AB71A /* RouterTests.swift */,
			);
			path = Router;
			sourceTree = "<group>";
		};
		AA0880A91F2CFA68004AB71A /* Routes */ = {
			isa = PBXGroup;
			children = (
				AA0880B71F2D0024004AB71A /* CarsListRoute.swift */,
				AA0880B91F2D002D004AB71A /* CarAddRoute.swift */,
				AA0880BB1F2D0039004AB71A /* CarDetailsRoute.swift */,
			);
			path = Routes;
			sourceTree = "<group>";
		};
		AA0880AA1F2CFAC7004AB71A /* Presenters */ = {
			isa = PBXGroup;
			children = (
				AA0880AB1F2CFB16004AB71A /* NavigationPresenterFactoryType.swift */,
				AA0880861F2CF27E004AB71A /* NavigationPresenterFactory.swift */,
			);
			path = Presenters;
			sourceTree = "<group>";
		};
		AA0880BF1F2D0574004AB71A /* Cars */ = {
			isa = PBXGroup;
			children = (
				AA0880CC1F2D09C0004AB71A /* List */,
				AA0880CD1F2D09CB004AB71A /* Add */,
				AA0880CE1F2D09D0004AB71A /* Details */,
			);
			path = Cars;
			sourceTree = "<group>";
		};
		AA0880C01F2D0666004AB71A /* Cars */ = {
			isa = PBXGroup;
			children = (
				AA0881301F2D3794004AB71A /* Formatters */,
				AA08812A1F2D33F2004AB71A /* Models */,
				AA0880FD1F2D21BB004AB71A /* Mappers */,
				AA0880F61F2D2076004AB71A /* Adapters */,
				AA0880C11F2D067B004AB71A /* Entities */,
				AA0880E71F2D1669004AB71A /* CarsServiceType.swift */,
				AA0880E91F2D17E0004AB71A /* CarsService.swift */,
				AA0881271F2D30F2004AB71A /* CarsServiceError.swift */,
			);
			path = Cars;
			sourceTree = "<group>";
		};
		AA0880C11F2D067B004AB71A /* Entities */ = {
			isa = PBXGroup;
			children = (
				AA0880C21F2D0691004AB71A /* CarType.swift */,
				AA0880C41F2D072C004AB71A /* Car.swift */,
			);
			path = Entities;
			sourceTree = "<group>";
		};
		AA0880C61F2D07C2004AB71A /* Repositories */ = {
			isa = PBXGroup;
			children = (
				AA0880C91F2D07E7004AB71A /* Cars */,
			);
			path = Repositories;
			sourceTree = "<group>";
		};
		AA0880C91F2D07E7004AB71A /* Cars */ = {
			isa = PBXGroup;
			children = (
				AA0881341F2D3867004AB71A /* Adapters */,
				AA0880CA1F2D0810004AB71A /* CarEntityTests.swift */,
				AA08812D1F2D347F004AB71A /* CarCreateModelTests.swift */,
				AA08813A1F2D3F69004AB71A /* CarIdentityModelTests.swift */,
				AA0881011F2D25F0004AB71A /* CarsModelEntityMapperTests.swift */,
			);
			path = Cars;
			sourceTree = "<group>";
		};
		AA0880CC1F2D09C0004AB71A /* List */ = {
			isa = PBXGroup;
			children = (
				AA0880D91F2D0BE9004AB71A /* CarsListFlow.swift */,
				AA0880DE1F2D0F1B004AB71A /* CarsListViewController.swift */,
				AA0880E01F2D0F30004AB71A /* CarsListViewModel.swift */,
				AA0880E21F2D0F3F004AB71A /* CarsListTableViewCell.swift */,
				AA0880E41F2D0F75004AB71A /* CarsListPresentationItem.swift */,
			);
			path = List;
			sourceTree = "<group>";
		};
		AA0880CD1F2D09CB004AB71A /* Add */ = {
			isa = PBXGroup;
			children = (
				AA0880D61F2D0B16004AB71A /* CarAddFlow.swift */,
			);
			path = Add;
			sourceTree = "<group>";
		};
		AA0880CE1F2D09D0004AB71A /* Details */ = {
			isa = PBXGroup;
			children = (
				AA0880DC1F2D0C09004AB71A /* CarDetailsFlow.swift */,
			);
			path = Details;
			sourceTree = "<group>";
		};
		AA0880D01F2D0A97004AB71A /* Flow */ = {
			isa = PBXGroup;
			children = (
				AA0880D11F2D0AB7004AB71A /* FlowPresentable.swift */,
			);
			path = Flow;
			sourceTree = "<group>";
		};
		AA0880EB1F2D1AF8004AB71A /* Cars */ = {
			isa = PBXGroup;
			children = (
				AA0880EF1F2D1DB7004AB71A /* Models */,
				AA0880EC1F2D1C2A004AB71A /* InMemory */,
			);
			path = Cars;
			sourceTree = "<group>";
		};
		AA0880EC1F2D1C2A004AB71A /* InMemory */ = {
			isa = PBXGroup;
			children = (
				AA0880F71F2D20AE004AB71A /* InMemoryCarsService.swift */,
			);
			path = InMemory;
			sourceTree = "<group>";
		};
		AA0880EF1F2D1DB7004AB71A /* Models */ = {
			isa = PBXGroup;
			children = (
				AA0880F01F2D1DD4004AB71A /* CarModel.swift */,
			);
			path = Models;
			sourceTree = "<group>";
		};
		AA0880F21F2D1E82004AB71A /* Services */ = {
			isa = PBXGroup;
			children = (
				AA0880F31F2D1E91004AB71A /* Cars */,
			);
			path = Services;
			sourceTree = "<group>";
		};
		AA0880F31F2D1E91004AB71A /* Cars */ = {
			isa = PBXGroup;
			children = (
				AA0880F41F2D1EF0004AB71A /* CarModelTests.swift */,
			);
			path = Cars;
			sourceTree = "<group>";
		};
		AA0880F61F2D2076004AB71A /* Adapters */ = {
			isa = PBXGroup;
			children = (
				AA0880F91F2D20EE004AB71A /* InMemoryCarsServiceAdapter.swift */,
			);
			path = Adapters;
			sourceTree = "<group>";
		};
		AA0880FD1F2D21BB004AB71A /* Mappers */ = {
			isa = PBXGroup;
			children = (
				AA0880FE1F2D21DF004AB71A /* CarsModelEntityMapper.swift */,
			);
			path = Mappers;
			sourceTree = "<group>";
		};
		AA08812A1F2D33F2004AB71A /* Models */ = {
			isa = PBXGroup;
			children = (
				AA08812B1F2D3408004AB71A /* CarCreateModel.swift */,
				AA0881371F2D3F17004AB71A /* CarIdentityModel.swift */,
			);
			path = Models;
			sourceTree = "<group>";
		};
		AA0881301F2D3794004AB71A /* Formatters */ = {
			isa = PBXGroup;
			children = (
				AA0881311F2D37BE004AB71A /* CarManufactureFormatter.swift */,
			);
			path = Formatters;
			sourceTree = "<group>";
		};
		AA0881341F2D3867004AB71A /* Adapters */ = {
			isa = PBXGroup;
			children = (
				AA0881351F2D387B004AB71A /* InMemoryCarsServiceAdapterTests.swift */,
			);
			path = Adapters;
			sourceTree = "<group>";
		};
		AA1048DE1F2CC56900C36F7A = {
			isa = PBXGroup;
			children = (
				AA1048E91F2CC56900C36F7A /* CarsApp */,
				AA0880511F2CD725004AB71A /* Components */,
				AA08804C1F2CD1C3004AB71A /* Features */,
				AA08804E1F2CD1D9004AB71A /* Repositories */,
				AA08804F1F2CD1E0004AB71A /* Services */,
				AA08804D1F2CD1D3004AB71A /* Tools */,
				AA1048FE1F2CC56900C36F7A /* CarsAppTests */,
				AA1048E81F2CC56900C36F7A /* Products */,
			);
			sourceTree = "<group>";
		};
		AA1048E81F2CC56900C36F7A /* Products */ = {
			isa = PBXGroup;
			children = (
				AA1048E71F2CC56900C36F7A /* CarsApp.app */,
				AA1048FB1F2CC56900C36F7A /* CarsAppTests.xctest */,
			);
			name = Products;
			sourceTree = "<group>";
		};
		AA1048E91F2CC56900C36F7A /* CarsApp */ = {
			isa = PBXGroup;
			children = (
				AA0880811F2CF13D004AB71A /* Navigation */,
				AA1048EA1F2CC56900C36F7A /* AppDelegate.swift */,
				AA1048F11F2CC56900C36F7A /* Assets.xcassets */,
				AA1048F31F2CC56900C36F7A /* LaunchScreen.storyboard */,
				AA1048F61F2CC56900C36F7A /* Info.plist */,
			);
			path = CarsApp;
			sourceTree = "<group>";
		};
		AA1048FE1F2CC56900C36F7A /* CarsAppTests */ = {
			isa = PBXGroup;
			children = (
				AA0880F21F2D1E82004AB71A /* Services */,
				AA0880C61F2D07C2004AB71A /* Repositories */,
				AA0880841F2CF23C004AB71A /* Integrations */,
				AA0880571F2CD94F004AB71A /* Components */,
				AA1049011F2CC56900C36F7A /* Info.plist */,
			);
			path = CarsAppTests;
			sourceTree = "<group>";
		};
/* End PBXGroup section */

/* Begin PBXNativeTarget section */
		AA1048E61F2CC56900C36F7A /* CarsApp */ = {
			isa = PBXNativeTarget;
			buildConfigurationList = AA1049041F2CC56900C36F7A /* Build configuration list for PBXNativeTarget "CarsApp" */;
			buildPhases = (
				AA1048E31F2CC56900C36F7A /* Sources */,
				AA1048E41F2CC56900C36F7A /* Frameworks */,
				AA1048E51F2CC56900C36F7A /* Resources */,
				AA10490E1F2CC5CA00C36F7A /* Carthage */,
			);
			buildRules = (
			);
			dependencies = (
			);
			name = CarsApp;
			productName = CarsApp;
			productReference = AA1048E71F2CC56900C36F7A /* CarsApp.app */;
			productType = "com.apple.product-type.application";
		};
		AA1048FA1F2CC56900C36F7A /* CarsAppTests */ = {
			isa = PBXNativeTarget;
			buildConfigurationList = AA1049071F2CC56900C36F7A /* Build configuration list for PBXNativeTarget "CarsAppTests" */;
			buildPhases = (
				AA1048F71F2CC56900C36F7A /* Sources */,
				AA1048F81F2CC56900C36F7A /* Frameworks */,
				AA1048F91F2CC56900C36F7A /* Resources */,
			);
			buildRules = (
			);
			dependencies = (
				AA1048FD1F2CC56900C36F7A /* PBXTargetDependency */,
			);
			name = CarsAppTests;
			productName = CarsAppTests;
			productReference = AA1048FB1F2CC56900C36F7A /* CarsAppTests.xctest */;
			productType = "com.apple.product-type.bundle.unit-test";
		};
/* End PBXNativeTarget section */

/* Begin PBXProject section */
		AA1048DF1F2CC56900C36F7A /* Project object */ = {
			isa = PBXProject;
			attributes = {
				LastSwiftUpdateCheck = 0830;
				LastUpgradeCheck = 0830;
				ORGANIZATIONNAME = "Joachim Kret";
				TargetAttributes = {
					AA1048E61F2CC56900C36F7A = {
						CreatedOnToolsVersion = 8.3.2;
						ProvisioningStyle = Automatic;
					};
					AA1048FA1F2CC56900C36F7A = {
						CreatedOnToolsVersion = 8.3.2;
						ProvisioningStyle = Automatic;
						TestTargetID = AA1048E61F2CC56900C36F7A;
					};
				};
			};
			buildConfigurationList = AA1048E21F2CC56900C36F7A /* Build configuration list for PBXProject "CarsApp" */;
			compatibilityVersion = "Xcode 3.2";
			developmentRegion = English;
			hasScannedForEncodings = 0;
			knownRegions = (
				en,
				Base,
			);
			mainGroup = AA1048DE1F2CC56900C36F7A;
			productRefGroup = AA1048E81F2CC56900C36F7A /* Products */;
			projectDirPath = "";
			projectRoot = "";
			targets = (
				AA1048E61F2CC56900C36F7A /* CarsApp */,
				AA1048FA1F2CC56900C36F7A /* CarsAppTests */,
			);
		};
/* End PBXProject section */

/* Begin PBXResourcesBuildPhase section */
		AA1048E51F2CC56900C36F7A /* Resources */ = {
			isa = PBXResourcesBuildPhase;
			buildActionMask = 2147483647;
			files = (
				AA1048F51F2CC56900C36F7A /* LaunchScreen.storyboard in Resources */,
				AA1048F21F2CC56900C36F7A /* Assets.xcassets in Resources */,
			);
			runOnlyForDeploymentPostprocessing = 0;
		};
		AA1048F91F2CC56900C36F7A /* Resources */ = {
			isa = PBXResourcesBuildPhase;
			buildActionMask = 2147483647;
			files = (
			);
			runOnlyForDeploymentPostprocessing = 0;
		};
/* End PBXResourcesBuildPhase section */

/* Begin PBXShellScriptBuildPhase section */
		AA10490E1F2CC5CA00C36F7A /* Carthage */ = {
			isa = PBXShellScriptBuildPhase;
			buildActionMask = 2147483647;
			files = (
			);
			inputPaths = (
				"$(SRCROOT)/../Carthage/Build/iOS/RxSwift.framework",
				"$(SRCROOT)/../Carthage/Build/iOS/RxCocoa.framework",
				"$(SRCROOT)/../Carthage/Build/iOS/Result.framework",
				"$(SRCROOT)/../Carthage/Build/iOS/Reusable.framework",
				"$(SRCROOT)/../Carthage/Build/iOS/Quick.framework",
				"$(SRCROOT)/../Carthage/Build/iOS/Nimble.framework",
				"$(SRCROOT)/../Carthage/Build/iOS/Chameleon.framework",
				"$(SRCROOT)/../Carthage/Build/iOS/RxBlocking.framework",
			);
			name = Carthage;
			outputPaths = (
			);
			runOnlyForDeploymentPostprocessing = 0;
			shellPath = /bin/sh;
			shellScript = "/usr/local/bin/carthage copy-frameworks";
		};
/* End PBXShellScriptBuildPhase section */

/* Begin PBXSourcesBuildPhase section */
		AA1048E31F2CC56900C36F7A /* Sources */ = {
			isa = PBXSourcesBuildPhase;
			buildActionMask = 2147483647;
			files = (
				AA0880931F2CF5AE004AB71A /* LocationType.swift in Sources */,
				AA0880AC1F2CFB16004AB71A /* NavigationPresenterFactoryType.swift in Sources */,
				AA0880F11F2D1DD4004AB71A /* CarModel.swift in Sources */,
				AA0880DB1F2D0BF4004AB71A /* CarsListFlow.swift in Sources */,
				AA0880FB1F2D2108004AB71A /* InMemoryCarsServiceAdapter.swift in Sources */,
				AA0880E51F2D0F75004AB71A /* CarsListPresentationItem.swift in Sources */,
				AA0881001F2D2256004AB71A /* CarsModelEntityMapper.swift in Sources */,
				AA0880681F2CE25A004AB71A /* ViewControllerPresenter.swift in Sources */,
				AA0880B01F2CFBC3004AB71A /* NavigationService.swift in Sources */,
				AA0880EA1F2D17E0004AB71A /* CarsService.swift in Sources */,
				AA08805F1F2CDC23004AB71A /* NavigationPresenter.swift in Sources */,
				AA08809A1F2CF636004AB71A /* RouteError.swift in Sources */,
				AA0880E11F2D0F30004AB71A /* CarsListViewModel.swift in Sources */,
				AA0881331F2D3840004AB71A /* CarManufactureFormatter.swift in Sources */,
				AA0881291F2D329B004AB71A /* CarsServiceError.swift in Sources */,
				AA08812F1F2D3485004AB71A /* CarCreateModel.swift in Sources */,
				AA0880941F2CF5B2004AB71A /* Location.swift in Sources */,
				AA0880561F2CD8F7004AB71A /* ViewControllerPresentable.swift in Sources */,
				AA08805D1F2CDB18004AB71A /* WindowPresenter.swift in Sources */,
				AA0880C71F2D07D2004AB71A /* CarType.swift in Sources */,
				AA1048EB1F2CC56900C36F7A /* AppDelegate.swift in Sources */,
				AA0880FC1F2D210D004AB71A /* InMemoryCarsService.swift in Sources */,
				AA0880E81F2D1669004AB71A /* CarsServiceType.swift in Sources */,
				AA0880981F2CF613004AB71A /* ErrorRoutable.swift in Sources */,
				AA0880871F2CF27E004AB71A /* NavigationPresenterFactory.swift in Sources */,
				AA0880B41F2CFD66004AB71A /* NavigationServiceFactoryType.swift in Sources */,
				AA0880BA1F2D002D004AB71A /* CarAddRoute.swift in Sources */,
				AA0880DF1F2D0F1B004AB71A /* CarsListViewController.swift in Sources */,
				AA0880B81F2D0024004AB71A /* CarsListRoute.swift in Sources */,
				AA0880951F2CF5B7004AB71A /* Routable.swift in Sources */,
				AA0880D31F2D0AC0004AB71A /* FlowPresentable.swift in Sources */,
				AA0880D81F2D0BC7004AB71A /* CarAddFlow.swift in Sources */,
				AA0880B61F2CFE0C004AB71A /* Navigation.swift in Sources */,
				AA0880C81F2D07D6004AB71A /* Car.swift in Sources */,
				AA0881391F2D3F5E004AB71A /* CarIdentityModel.swift in Sources */,
				AA0880BC1F2D0039004AB71A /* CarDetailsRoute.swift in Sources */,
				AA08809C1F2CF663004AB71A /* Router.swift in Sources */,
				AA0880AE1F2CFBB8004AB71A /* NavigationServiceType.swift in Sources */,
				AA0880E31F2D0F3F004AB71A /* CarsListTableViewCell.swift in Sources */,
				AA0880DD1F2D0C09004AB71A /* CarDetailsFlow.swift in Sources */,
			);
			runOnlyForDeploymentPostprocessing = 0;
		};
		AA1048F71F2CC56900C36F7A /* Sources */ = {
			isa = PBXSourcesBuildPhase;
			buildActionMask = 2147483647;
			files = (
				AA0880A11F2CF6E5004AB71A /* LocationTests.swift in Sources */,
				AA0880891F2CF2A7004AB71A /* NavigationPresenterFactoryTests.swift in Sources */,
				AA0881361F2D387B004AB71A /* InMemoryCarsServiceAdapterTests.swift in Sources */,
				AA0881021F2D25F0004AB71A /* CarsModelEntityMapperTests.swift in Sources */,
				AA0880CB1F2D0810004AB71A /* CarEntityTests.swift in Sources */,
				AA0880F51F2D1EF0004AB71A /* CarModelTests.swift in Sources */,
				AA08806A1F2CE446004AB71A /* ViewControllerPresenterTests.swift in Sources */,
				AA08812E1F2D347F004AB71A /* CarCreateModelTests.swift in Sources */,
				AA0880611F2CDD4B004AB71A /* NavigationPresenterTests.swift in Sources */,
				AA0880A31F2CF821004AB71A /* RouterTests.swift in Sources */,
				AA08805B1F2CD9B2004AB71A /* WindowPresenterTests.swift in Sources */,
				AA08813B1F2D3F69004AB71A /* CarIdentityModelTests.swift in Sources */,
				AA0880BE1F2D0227004AB71A /* NavigationServiceTests.swift in Sources */,
			);
			runOnlyForDeploymentPostprocessing = 0;
		};
/* End PBXSourcesBuildPhase section */

/* Begin PBXTargetDependency section */
		AA1048FD1F2CC56900C36F7A /* PBXTargetDependency */ = {
			isa = PBXTargetDependency;
			target = AA1048E61F2CC56900C36F7A /* CarsApp */;
			targetProxy = AA1048FC1F2CC56900C36F7A /* PBXContainerItemProxy */;
		};
/* End PBXTargetDependency section */

/* Begin PBXVariantGroup section */
		AA1048F31F2CC56900C36F7A /* LaunchScreen.storyboard */ = {
			isa = PBXVariantGroup;
			children = (
				AA1048F41F2CC56900C36F7A /* Base */,
			);
			name = LaunchScreen.storyboard;
			sourceTree = "<group>";
		};
/* End PBXVariantGroup section */

/* Begin XCBuildConfiguration section */
		AA1049021F2CC56900C36F7A /* Debug */ = {
			isa = XCBuildConfiguration;
			buildSettings = {
				ALWAYS_SEARCH_USER_PATHS = NO;
				CLANG_ANALYZER_NONNULL = YES;
				CLANG_ANALYZER_NUMBER_OBJECT_CONVERSION = YES_AGGRESSIVE;
				CLANG_CXX_LANGUAGE_STANDARD = "gnu++0x";
				CLANG_CXX_LIBRARY = "libc++";
				CLANG_ENABLE_MODULES = YES;
				CLANG_ENABLE_OBJC_ARC = YES;
				CLANG_WARN_BOOL_CONVERSION = YES;
				CLANG_WARN_CONSTANT_CONVERSION = YES;
				CLANG_WARN_DIRECT_OBJC_ISA_USAGE = YES_ERROR;
				CLANG_WARN_DOCUMENTATION_COMMENTS = YES;
				CLANG_WARN_EMPTY_BODY = YES;
				CLANG_WARN_ENUM_CONVERSION = YES;
				CLANG_WARN_INFINITE_RECURSION = YES;
				CLANG_WARN_INT_CONVERSION = YES;
				CLANG_WARN_OBJC_ROOT_CLASS = YES_ERROR;
				CLANG_WARN_SUSPICIOUS_MOVE = YES;
				CLANG_WARN_UNREACHABLE_CODE = YES;
				CLANG_WARN__DUPLICATE_METHOD_MATCH = YES;
				"CODE_SIGN_IDENTITY[sdk=iphoneos*]" = "iPhone Developer";
				COPY_PHASE_STRIP = NO;
				DEBUG_INFORMATION_FORMAT = dwarf;
				ENABLE_STRICT_OBJC_MSGSEND = YES;
				ENABLE_TESTABILITY = YES;
				FRAMEWORK_SEARCH_PATHS = "\"$(SRCROOT)/../Carthage/Build/iOS\"";
				GCC_C_LANGUAGE_STANDARD = gnu99;
				GCC_DYNAMIC_NO_PIC = NO;
				GCC_NO_COMMON_BLOCKS = YES;
				GCC_OPTIMIZATION_LEVEL = 0;
				GCC_PREPROCESSOR_DEFINITIONS = (
					"DEBUG=1",
					"$(inherited)",
				);
				GCC_WARN_64_TO_32_BIT_CONVERSION = YES;
				GCC_WARN_ABOUT_RETURN_TYPE = YES_ERROR;
				GCC_WARN_UNDECLARED_SELECTOR = YES;
				GCC_WARN_UNINITIALIZED_AUTOS = YES_AGGRESSIVE;
				GCC_WARN_UNUSED_FUNCTION = YES;
				GCC_WARN_UNUSED_VARIABLE = YES;
				IPHONEOS_DEPLOYMENT_TARGET = 9.0;
				MTL_ENABLE_DEBUG_INFO = YES;
				ONLY_ACTIVE_ARCH = YES;
				SDKROOT = iphoneos;
				SWIFT_ACTIVE_COMPILATION_CONDITIONS = DEBUG;
				SWIFT_OPTIMIZATION_LEVEL = "-Onone";
				TARGETED_DEVICE_FAMILY = "1,2";
			};
			name = Debug;
		};
		AA1049031F2CC56900C36F7A /* Release */ = {
			isa = XCBuildConfiguration;
			buildSettings = {
				ALWAYS_SEARCH_USER_PATHS = NO;
				CLANG_ANALYZER_NONNULL = YES;
				CLANG_ANALYZER_NUMBER_OBJECT_CONVERSION = YES_AGGRESSIVE;
				CLANG_CXX_LANGUAGE_STANDARD = "gnu++0x";
				CLANG_CXX_LIBRARY = "libc++";
				CLANG_ENABLE_MODULES = YES;
				CLANG_ENABLE_OBJC_ARC = YES;
				CLANG_WARN_BOOL_CONVERSION = YES;
				CLANG_WARN_CONSTANT_CONVERSION = YES;
				CLANG_WARN_DIRECT_OBJC_ISA_USAGE = YES_ERROR;
				CLANG_WARN_DOCUMENTATION_COMMENTS = YES;
				CLANG_WARN_EMPTY_BODY = YES;
				CLANG_WARN_ENUM_CONVERSION = YES;
				CLANG_WARN_INFINITE_RECURSION = YES;
				CLANG_WARN_INT_CONVERSION = YES;
				CLANG_WARN_OBJC_ROOT_CLASS = YES_ERROR;
				CLANG_WARN_SUSPICIOUS_MOVE = YES;
				CLANG_WARN_UNREACHABLE_CODE = YES;
				CLANG_WARN__DUPLICATE_METHOD_MATCH = YES;
				"CODE_SIGN_IDENTITY[sdk=iphoneos*]" = "iPhone Developer";
				COPY_PHASE_STRIP = NO;
				DEBUG_INFORMATION_FORMAT = "dwarf-with-dsym";
				ENABLE_NS_ASSERTIONS = NO;
				ENABLE_STRICT_OBJC_MSGSEND = YES;
				FRAMEWORK_SEARCH_PATHS = "\"$(SRCROOT)/../Carthage/Build/iOS\"";
				GCC_C_LANGUAGE_STANDARD = gnu99;
				GCC_NO_COMMON_BLOCKS = YES;
				GCC_WARN_64_TO_32_BIT_CONVERSION = YES;
				GCC_WARN_ABOUT_RETURN_TYPE = YES_ERROR;
				GCC_WARN_UNDECLARED_SELECTOR = YES;
				GCC_WARN_UNINITIALIZED_AUTOS = YES_AGGRESSIVE;
				GCC_WARN_UNUSED_FUNCTION = YES;
				GCC_WARN_UNUSED_VARIABLE = YES;
				IPHONEOS_DEPLOYMENT_TARGET = 9.0;
				MTL_ENABLE_DEBUG_INFO = NO;
				SDKROOT = iphoneos;
				SWIFT_OPTIMIZATION_LEVEL = "-Owholemodule";
				TARGETED_DEVICE_FAMILY = "1,2";
				VALIDATE_PRODUCT = YES;
			};
			name = Release;
		};
		AA1049051F2CC56900C36F7A /* Debug */ = {
			isa = XCBuildConfiguration;
			buildSettings = {
				ASSETCATALOG_COMPILER_APPICON_NAME = AppIcon;
				INFOPLIST_FILE = CarsApp/Info.plist;
				LD_RUNPATH_SEARCH_PATHS = "$(inherited) @executable_path/Frameworks";
				OTHER_LDFLAGS = (
					"-ObjC",
					"-framework",
					"\"Chameleon\"",
				);
				PRODUCT_BUNDLE_IDENTIFIER = com.joachimkret.CarsApp;
				PRODUCT_NAME = "$(TARGET_NAME)";
				SWIFT_VERSION = 3.0;
			};
			name = Debug;
		};
		AA1049061F2CC56900C36F7A /* Release */ = {
			isa = XCBuildConfiguration;
			buildSettings = {
				ASSETCATALOG_COMPILER_APPICON_NAME = AppIcon;
				INFOPLIST_FILE = CarsApp/Info.plist;
				LD_RUNPATH_SEARCH_PATHS = "$(inherited) @executable_path/Frameworks";
				OTHER_LDFLAGS = (
					"-ObjC",
					"-framework",
					"\"Chameleon\"",
				);
				PRODUCT_BUNDLE_IDENTIFIER = com.joachimkret.CarsApp;
				PRODUCT_NAME = "$(TARGET_NAME)";
				SWIFT_VERSION = 3.0;
			};
			name = Release;
		};
		AA1049081F2CC56900C36F7A /* Debug */ = {
			isa = XCBuildConfiguration;
			buildSettings = {
				ALWAYS_EMBED_SWIFT_STANDARD_LIBRARIES = YES;
				BUNDLE_LOADER = "$(TEST_HOST)";
				INFOPLIST_FILE = CarsAppTests/Info.plist;
				LD_RUNPATH_SEARCH_PATHS = "$(inherited) @executable_path/Frameworks @loader_path/Frameworks";
				PRODUCT_BUNDLE_IDENTIFIER = com.joachimkret.CarsAppTests;
				PRODUCT_NAME = "$(TARGET_NAME)";
				SWIFT_VERSION = 3.0;
				TEST_HOST = "$(BUILT_PRODUCTS_DIR)/CarsApp.app/CarsApp";
			};
			name = Debug;
		};
		AA1049091F2CC56900C36F7A /* Release */ = {
			isa = XCBuildConfiguration;
			buildSettings = {
				ALWAYS_EMBED_SWIFT_STANDARD_LIBRARIES = YES;
				BUNDLE_LOADER = "$(TEST_HOST)";
				INFOPLIST_FILE = CarsAppTests/Info.plist;
				LD_RUNPATH_SEARCH_PATHS = "$(inherited) @executable_path/Frameworks @loader_path/Frameworks";
				PRODUCT_BUNDLE_IDENTIFIER = com.joachimkret.CarsAppTests;
				PRODUCT_NAME = "$(TARGET_NAME)";
				SWIFT_VERSION = 3.0;
				TEST_HOST = "$(BUILT_PRODUCTS_DIR)/CarsApp.app/CarsApp";
			};
			name = Release;
		};
/* End XCBuildConfiguration section */

/* Begin XCConfigurationList section */
		AA1048E21F2CC56900C36F7A /* Build configuration list for PBXProject "CarsApp" */ = {
			isa = XCConfigurationList;
			buildConfigurations = (
				AA1049021F2CC56900C36F7A /* Debug */,
				AA1049031F2CC56900C36F7A /* Release */,
			);
			defaultConfigurationIsVisible = 0;
			defaultConfigurationName = Release;
		};
		AA1049041F2CC56900C36F7A /* Build configuration list for PBXNativeTarget "CarsApp" */ = {
			isa = XCConfigurationList;
			buildConfigurations = (
				AA1049051F2CC56900C36F7A /* Debug */,
				AA1049061F2CC56900C36F7A /* Release */,
			);
			defaultConfigurationIsVisible = 0;
			defaultConfigurationName = Release;
		};
		AA1049071F2CC56900C36F7A /* Build configuration list for PBXNativeTarget "CarsAppTests" */ = {
			isa = XCConfigurationList;
			buildConfigurations = (
				AA1049081F2CC56900C36F7A /* Debug */,
				AA1049091F2CC56900C36F7A /* Release */,
			);
			defaultConfigurationIsVisible = 0;
			defaultConfigurationName = Release;
		};
/* End XCConfigurationList section */
	};
	rootObject = AA1048DF1F2CC56900C36F7A /* Project object */;
}
